{
  "version": 4,
  "terraform_version": "0.13.3",
  "serial": 56,
  "lineage": "932aa459-2567-8eda-a828-6f3760648707",
  "outputs": {
    "public_ip_address": {
      "value": "13.76.88.20",
      "type": "string"
    }
  },
  "resources": [
    {
      "mode": "data",
      "type": "azurerm_public_ip",
      "name": "ip",
      "provider": "provider[\"registry.terraform.io/hashicorp/azurerm\"]",
      "instances": [
        {
          "schema_version": 0,
          "attributes": {
            "allocation_method": "Static",
            "domain_name_label": "opscloud",
            "fqdn": "opscloud.southeastasia.cloudapp.azure.com",
            "id": "/subscriptions/958cc4ec-7209-44b2-91f6-ba3949cb03e9/resourceGroups/oakpc/providers/Microsoft.Network/publicIPAddresses/oakpc",
            "idle_timeout_in_minutes": 4,
            "ip_address": "13.76.88.20",
            "ip_version": "IPv4",
            "location": "southeastasia",
            "name": "oakpc",
            "resource_group_name": "oakpc",
            "reverse_fqdn": "",
            "sku": "Basic",
            "tags": {},
            "timeouts": null,
            "zones": []
          }
        }
      ]
    },
    {
      "mode": "managed",
      "type": "azurerm_network_interface",
      "name": "nic",
      "provider": "provider[\"registry.terraform.io/hashicorp/azurerm\"]",
      "instances": [
        {
          "schema_version": 0,
          "attributes": {
            "applied_dns_servers": [],
            "dns_servers": [],
            "enable_accelerated_networking": false,
            "enable_ip_forwarding": false,
            "id": "/subscriptions/958cc4ec-7209-44b2-91f6-ba3949cb03e9/resourceGroups/oakpc/providers/Microsoft.Network/networkInterfaces/pcNIC",
            "internal_dns_name_label": "",
            "internal_domain_name_suffix": "",
            "ip_configuration": [
              {
                "name": "pcNICConfig",
                "primary": true,
                "private_ip_address": "10.0.0.4",
                "private_ip_address_allocation": "Dynamic",
                "private_ip_address_version": "IPv4",
                "public_ip_address_id": "/subscriptions/958cc4ec-7209-44b2-91f6-ba3949cb03e9/resourceGroups/oakpc/providers/Microsoft.Network/publicIPAddresses/oakpc",
                "subnet_id": "/subscriptions/958cc4ec-7209-44b2-91f6-ba3949cb03e9/resourceGroups/oakpc/providers/Microsoft.Network/virtualNetworks/pcVnet/subnets/defaultsubnet"
              }
            ],
            "location": "southeastasia",
            "mac_address": "00-0D-3A-C9-0D-B0",
            "name": "pcNIC",
            "private_ip_address": "10.0.0.4",
            "private_ip_addresses": [
              "10.0.0.4"
            ],
            "resource_group_name": "oakpc",
            "tags": {},
            "timeouts": null,
            "virtual_machine_id": "/subscriptions/958cc4ec-7209-44b2-91f6-ba3949cb03e9/resourceGroups/oakpc/providers/Microsoft.Compute/virtualMachines/oakpc"
          },
          "private": "eyJlMmJmYjczMC1lY2FhLTExZTYtOGY4OC0zNDM2M2JjN2M0YzAiOnsiY3JlYXRlIjoxODAwMDAwMDAwMDAwLCJkZWxldGUiOjE4MDAwMDAwMDAwMDAsInJlYWQiOjMwMDAwMDAwMDAwMCwidXBkYXRlIjoxODAwMDAwMDAwMDAwfX0=",
          "dependencies": [
            "azurerm_public_ip.publicip",
            "azurerm_resource_group.rg",
            "azurerm_subnet.subnet",
            "azurerm_virtual_network.vnet"
          ]
        }
      ]
    },
    {
      "mode": "managed",
      "type": "azurerm_network_security_group",
      "name": "nsg",
      "provider": "provider[\"registry.terraform.io/hashicorp/azurerm\"]",
      "instances": [
        {
          "schema_version": 0,
          "attributes": {
            "id": "/subscriptions/958cc4ec-7209-44b2-91f6-ba3949cb03e9/resourceGroups/oakpc/providers/Microsoft.Network/networkSecurityGroups/opSecure",
            "location": "southeastasia",
            "name": "opSecure",
            "resource_group_name": "oakpc",
            "security_rule": [
              {
                "access": "Allow",
                "description": "",
                "destination_address_prefix": "*",
                "destination_address_prefixes": [],
                "destination_application_security_group_ids": [],
                "destination_port_range": "3389",
                "destination_port_ranges": [],
                "direction": "Inbound",
                "name": "RDP",
                "priority": 1001,
                "protocol": "Tcp",
                "source_address_prefix": "*",
                "source_address_prefixes": [],
                "source_application_security_group_ids": [],
                "source_port_range": "*",
                "source_port_ranges": []
              }
            ],
            "tags": {},
            "timeouts": null
          },
          "private": "eyJlMmJmYjczMC1lY2FhLTExZTYtOGY4OC0zNDM2M2JjN2M0YzAiOnsiY3JlYXRlIjoxODAwMDAwMDAwMDAwLCJkZWxldGUiOjE4MDAwMDAwMDAwMDAsInJlYWQiOjMwMDAwMDAwMDAwMCwidXBkYXRlIjoxODAwMDAwMDAwMDAwfX0=",
          "dependencies": [
            "azurerm_resource_group.rg"
          ]
        }
      ]
    },
    {
      "mode": "managed",
      "type": "azurerm_public_ip",
      "name": "publicip",
      "provider": "provider[\"registry.terraform.io/hashicorp/azurerm\"]",
      "instances": [
        {
          "schema_version": 0,
          "attributes": {
            "allocation_method": "Static",
            "domain_name_label": "opscloud",
            "fqdn": "opscloud.southeastasia.cloudapp.azure.com",
            "id": "/subscriptions/958cc4ec-7209-44b2-91f6-ba3949cb03e9/resourceGroups/oakpc/providers/Microsoft.Network/publicIPAddresses/oakpc",
            "idle_timeout_in_minutes": 4,
            "ip_address": "13.76.88.20",
            "ip_version": "IPv4",
            "location": "southeastasia",
            "name": "oakpc",
            "public_ip_prefix_id": null,
            "resource_group_name": "oakpc",
            "reverse_fqdn": "",
            "sku": "Basic",
            "tags": {},
            "timeouts": null,
            "zones": []
          },
          "private": "eyJlMmJmYjczMC1lY2FhLTExZTYtOGY4OC0zNDM2M2JjN2M0YzAiOnsiY3JlYXRlIjoxODAwMDAwMDAwMDAwLCJkZWxldGUiOjE4MDAwMDAwMDAwMDAsInJlYWQiOjMwMDAwMDAwMDAwMCwidXBkYXRlIjoxODAwMDAwMDAwMDAwfX0=",
          "dependencies": [
            "azurerm_resource_group.rg"
          ]
        }
      ]
    },
    {
      "mode": "managed",
      "type": "azurerm_resource_group",
      "name": "rg",
      "provider": "provider[\"registry.terraform.io/hashicorp/azurerm\"]",
      "instances": [
        {
          "schema_version": 0,
          "attributes": {
            "id": "/subscriptions/958cc4ec-7209-44b2-91f6-ba3949cb03e9/resourceGroups/oakpc",
            "location": "southeastasia",
            "name": "oakpc",
            "tags": {
              "Department": "ReliabilityEngineering",
              "Owner": "Oaker",
              "Purpose": "PersonalComputer"
            },
            "timeouts": null
          },
          "private": "eyJlMmJmYjczMC1lY2FhLTExZTYtOGY4OC0zNDM2M2JjN2M0YzAiOnsiY3JlYXRlIjo1NDAwMDAwMDAwMDAwLCJkZWxldGUiOjU0MDAwMDAwMDAwMDAsInJlYWQiOjMwMDAwMDAwMDAwMCwidXBkYXRlIjo1NDAwMDAwMDAwMDAwfX0="
        }
      ]
    },
    {
      "mode": "managed",
      "type": "azurerm_storage_account",
      "name": "diagstorage",
      "provider": "provider[\"registry.terraform.io/hashicorp/azurerm\"]",
      "instances": [
        {
          "schema_version": 2,
          "attributes": {
            "access_tier": "Hot",
            "account_kind": "StorageV2",
            "account_replication_type": "LRS",
            "account_tier": "Standard",
            "allow_blob_public_access": false,
            "blob_properties": [],
            "custom_domain": [],
            "enable_https_traffic_only": true,
            "id": "/subscriptions/958cc4ec-7209-44b2-91f6-ba3949cb03e9/resourceGroups/oakpc/providers/Microsoft.Storage/storageAccounts/oakpc",
            "identity": [],
            "is_hns_enabled": false,
            "location": "southeastasia",
            "min_tls_version": "TLS1_0",
            "name": "oakpc",
            "network_rules": [
              {
                "bypass": [
                  "AzureServices"
                ],
                "default_action": "Allow",
                "ip_rules": [],
                "virtual_network_subnet_ids": []
              }
            ],
            "primary_access_key": "jV/NSICrmxHt78IqM0sW+hodscAggf5HSg+SCvxauurF0NgWEqrayUyxNN6Bvq35pk3Nlu48FJwpTqdloi8KXQ==",
            "primary_blob_connection_string": "DefaultEndpointsProtocol=https;BlobEndpoint=https://oakpc.blob.core.windows.net/;AccountName=oakpc;AccountKey=jV/NSICrmxHt78IqM0sW+hodscAggf5HSg+SCvxauurF0NgWEqrayUyxNN6Bvq35pk3Nlu48FJwpTqdloi8KXQ==",
            "primary_blob_endpoint": "https://oakpc.blob.core.windows.net/",
            "primary_blob_host": "oakpc.blob.core.windows.net",
            "primary_connection_string": "DefaultEndpointsProtocol=https;AccountName=oakpc;AccountKey=jV/NSICrmxHt78IqM0sW+hodscAggf5HSg+SCvxauurF0NgWEqrayUyxNN6Bvq35pk3Nlu48FJwpTqdloi8KXQ==;EndpointSuffix=core.windows.net",
            "primary_dfs_endpoint": "https://oakpc.dfs.core.windows.net/",
            "primary_dfs_host": "oakpc.dfs.core.windows.net",
            "primary_file_endpoint": "https://oakpc.file.core.windows.net/",
            "primary_file_host": "oakpc.file.core.windows.net",
            "primary_location": "southeastasia",
            "primary_queue_endpoint": "https://oakpc.queue.core.windows.net/",
            "primary_queue_host": "oakpc.queue.core.windows.net",
            "primary_table_endpoint": "https://oakpc.table.core.windows.net/",
            "primary_table_host": "oakpc.table.core.windows.net",
            "primary_web_endpoint": "https://oakpc.z23.web.core.windows.net/",
            "primary_web_host": "oakpc.z23.web.core.windows.net",
            "queue_properties": [
              {
                "cors_rule": [],
                "hour_metrics": [
                  {
                    "enabled": true,
                    "include_apis": true,
                    "retention_policy_days": 7,
                    "version": "1.0"
                  }
                ],
                "logging": [
                  {
                    "delete": false,
                    "read": false,
                    "retention_policy_days": 0,
                    "version": "1.0",
                    "write": false
                  }
                ],
                "minute_metrics": [
                  {
                    "enabled": false,
                    "include_apis": false,
                    "retention_policy_days": 0,
                    "version": "1.0"
                  }
                ]
              }
            ],
            "resource_group_name": "oakpc",
            "secondary_access_key": "Q9BypHC+EFRjlJr2avTx0g+nlmw/SjpixHCzzxCjdIHlB4NewbaiYLo+iYoDbiv0kkrv750pxoRZOo4IodcEgQ==",
            "secondary_blob_connection_string": "",
            "secondary_blob_endpoint": null,
            "secondary_blob_host": null,
            "secondary_connection_string": "DefaultEndpointsProtocol=https;AccountName=oakpc;AccountKey=Q9BypHC+EFRjlJr2avTx0g+nlmw/SjpixHCzzxCjdIHlB4NewbaiYLo+iYoDbiv0kkrv750pxoRZOo4IodcEgQ==;EndpointSuffix=core.windows.net",
            "secondary_dfs_endpoint": null,
            "secondary_dfs_host": null,
            "secondary_file_endpoint": null,
            "secondary_file_host": null,
            "secondary_location": "",
            "secondary_queue_endpoint": null,
            "secondary_queue_host": null,
            "secondary_table_endpoint": null,
            "secondary_table_host": null,
            "secondary_web_endpoint": null,
            "secondary_web_host": null,
            "static_website": [],
            "tags": {},
            "timeouts": null
          },
          "private": "eyJlMmJmYjczMC1lY2FhLTExZTYtOGY4OC0zNDM2M2JjN2M0YzAiOnsiY3JlYXRlIjozNjAwMDAwMDAwMDAwLCJkZWxldGUiOjM2MDAwMDAwMDAwMDAsInJlYWQiOjMwMDAwMDAwMDAwMCwidXBkYXRlIjozNjAwMDAwMDAwMDAwfSwic2NoZW1hX3ZlcnNpb24iOiIyIn0=",
          "dependencies": [
            "azurerm_resource_group.rg"
          ]
        }
      ]
    },
    {
      "mode": "managed",
      "type": "azurerm_subnet",
      "name": "subnet",
      "provider": "provider[\"registry.terraform.io/hashicorp/azurerm\"]",
      "instances": [
        {
          "schema_version": 0,
          "attributes": {
            "address_prefix": "10.0.0.0/29",
            "address_prefixes": [
              "10.0.0.0/29"
            ],
            "delegation": [],
            "enforce_private_link_endpoint_network_policies": false,
            "enforce_private_link_service_network_policies": false,
            "id": "/subscriptions/958cc4ec-7209-44b2-91f6-ba3949cb03e9/resourceGroups/oakpc/providers/Microsoft.Network/virtualNetworks/pcVnet/subnets/defaultsubnet",
            "name": "defaultsubnet",
            "resource_group_name": "oakpc",
            "service_endpoints": [],
            "timeouts": null,
            "virtual_network_name": "pcVnet"
          },
          "private": "eyJlMmJmYjczMC1lY2FhLTExZTYtOGY4OC0zNDM2M2JjN2M0YzAiOnsiY3JlYXRlIjoxODAwMDAwMDAwMDAwLCJkZWxldGUiOjE4MDAwMDAwMDAwMDAsInJlYWQiOjMwMDAwMDAwMDAwMCwidXBkYXRlIjoxODAwMDAwMDAwMDAwfX0=",
          "dependencies": [
            "azurerm_resource_group.rg",
            "azurerm_virtual_network.vnet"
          ]
        }
      ]
    },
    {
      "mode": "managed",
      "type": "azurerm_virtual_machine",
      "name": "vm",
      "provider": "provider[\"registry.terraform.io/hashicorp/azurerm\"]",
      "instances": [
        {
          "schema_version": 0,
          "attributes": {
            "additional_capabilities": [],
            "availability_set_id": null,
            "boot_diagnostics": [
              {
                "enabled": true,
                "storage_uri": "https://oakpc.blob.core.windows.net/"
              }
            ],
            "delete_data_disks_on_termination": false,
            "delete_os_disk_on_termination": false,
            "id": "/subscriptions/958cc4ec-7209-44b2-91f6-ba3949cb03e9/resourceGroups/oakpc/providers/Microsoft.Compute/virtualMachines/oakpc",
            "identity": [],
            "license_type": null,
            "location": "southeastasia",
            "name": "oakpc",
            "network_interface_ids": [
              "/subscriptions/958cc4ec-7209-44b2-91f6-ba3949cb03e9/resourceGroups/oakpc/providers/Microsoft.Network/networkInterfaces/pcNIC"
            ],
            "os_profile": [
              {
                "admin_password": "",
                "admin_username": "ominbruce",
                "computer_name": "oakpc",
                "custom_data": ""
              }
            ],
            "os_profile_linux_config": [],
            "os_profile_secrets": [],
            "os_profile_windows_config": [
              {
                "additional_unattend_config": [],
                "enable_automatic_upgrades": true,
                "provision_vm_agent": false,
                "timezone": "",
                "winrm": []
              }
            ],
            "plan": [],
            "primary_network_interface_id": null,
            "proximity_placement_group_id": null,
            "resource_group_name": "oakpc",
            "storage_data_disk": [],
            "storage_image_reference": [
              {
                "id": "",
                "offer": "Windows-10",
                "publisher": "MicrosoftWindowsDesktop",
                "sku": "19h2-pro",
                "version": "latest"
              }
            ],
            "storage_os_disk": [
              {
                "caching": "ReadWrite",
                "create_option": "FromImage",
                "disk_size_gb": 127,
                "image_uri": "",
                "managed_disk_id": "/subscriptions/958cc4ec-7209-44b2-91f6-ba3949cb03e9/resourceGroups/OAKPC/providers/Microsoft.Compute/disks/oakPcOsDisk",
                "managed_disk_type": "Premium_LRS",
                "name": "oakPcOsDisk",
                "os_type": "Windows",
                "vhd_uri": "",
                "write_accelerator_enabled": false
              }
            ],
            "tags": {},
            "timeouts": null,
            "vm_size": "Standard_B2ms",
            "zones": []
          },
          "private": "eyJlMmJmYjczMC1lY2FhLTExZTYtOGY4OC0zNDM2M2JjN2M0YzAiOnsiY3JlYXRlIjozNjAwMDAwMDAwMDAwLCJkZWxldGUiOjM2MDAwMDAwMDAwMDAsInJlYWQiOjMwMDAwMDAwMDAwMCwidXBkYXRlIjozNjAwMDAwMDAwMDAwfX0=",
          "dependencies": [
            "azurerm_network_interface.nic",
            "azurerm_public_ip.publicip",
            "azurerm_resource_group.rg",
            "azurerm_storage_account.diagstorage",
            "azurerm_subnet.subnet",
            "azurerm_virtual_network.vnet"
          ]
        }
      ]
    },
    {
      "mode": "managed",
      "type": "azurerm_virtual_network",
      "name": "vnet",
      "provider": "provider[\"registry.terraform.io/hashicorp/azurerm\"]",
      "instances": [
        {
          "schema_version": 0,
          "attributes": {
            "address_space": [
              "10.0.0.0/28"
            ],
            "ddos_protection_plan": [],
            "dns_servers": [],
            "guid": "28e778cd-fe5d-442c-adfc-6299e71e1c0d",
            "id": "/subscriptions/958cc4ec-7209-44b2-91f6-ba3949cb03e9/resourceGroups/oakpc/providers/Microsoft.Network/virtualNetworks/pcVnet",
            "location": "southeastasia",
            "name": "pcVnet",
            "resource_group_name": "oakpc",
            "subnet": [
              {
                "address_prefix": "10.0.0.0/29",
                "id": "/subscriptions/958cc4ec-7209-44b2-91f6-ba3949cb03e9/resourceGroups/oakpc/providers/Microsoft.Network/virtualNetworks/pcVnet/subnets/defaultsubnet",
                "name": "defaultsubnet",
                "security_group": ""
              }
            ],
            "tags": {},
            "timeouts": null
          },
          "private": "eyJlMmJmYjczMC1lY2FhLTExZTYtOGY4OC0zNDM2M2JjN2M0YzAiOnsiY3JlYXRlIjoxODAwMDAwMDAwMDAwLCJkZWxldGUiOjE4MDAwMDAwMDAwMDAsInJlYWQiOjMwMDAwMDAwMDAwMCwidXBkYXRlIjoxODAwMDAwMDAwMDAwfX0=",
          "dependencies": [
            "azurerm_resource_group.rg"
          ]
        }
      ]
    }
  ]
}
